
Microsoft Visual Studio Solution File, Format Version 12.00
# Visual Studio Version 17
VisualStudioVersion = 17.0.31903.59
MinimumVisualStudioVersion = 10.0.40219.1
Project("{2150E333-8FDC-42A3-9474-1A3956D46DE8}") = "src", "src", "{827E0CD3-B72D-47B6-A68D-7590B98EB39B}"
EndProject
Project("{FAE04EC0-301F-11D3-BF4B-00C04F79EFBC}") = "AssetBall.Core", "src\AssetBall.Core\AssetBall.Core.csproj", "{9ED55107-C84C-4EC7-88EF-A5DFAED75C0A}"
EndProject
Project("{FAE04EC0-301F-11D3-BF4B-00C04F79EFBC}") = "AssetBall.Client", "src\AssetBall.Client\AssetBall.Client.csproj", "{B8A519DD-98FB-4BD5-9C21-8AD279D8B613}"
EndProject
Project("{FAE04EC0-301F-11D3-BF4B-00C04F79EFBC}") = "AssetBall.Aws", "src\AssetBall.Aws\AssetBall.Aws.csproj", "{1AE17660-F921-47B7-B842-C7CE5DD8B436}"
EndProject
Project("{FAE04EC0-301F-11D3-BF4B-00C04F79EFBC}") = "AssetBall.Cli", "src\AssetBall.Cli\AssetBall.Cli.csproj", "{B78F7025-2DBC-4D76-93A7-00E151C76634}"
EndProject
Project("{2150E333-8FDC-42A3-9474-1A3956D46DE8}") = "tests", "tests", "{0AB3BF05-4346-4AA6-1389-037BE0695223}"
EndProject
Project("{FAE04EC0-301F-11D3-BF4B-00C04F79EFBC}") = "AssetBall.Tests", "tests\AssetBall.Tests\AssetBall.Tests.csproj", "{B800FE7C-3C8B-4420-92E0-02D48391A5BB}"
EndProject
Project("{2150E333-8FDC-42A3-9474-1A3956D46DE8}") = "samples", "samples", "{5D20AA90-6969-D8BD-9DCD-8634F4692FDA}"
EndProject
Project("{FAE04EC0-301F-11D3-BF4B-00C04F79EFBC}") = "RangeServer", "samples\RangeServer\RangeServer.csproj", "{7C7ABDA4-2900-47CD-B921-69C2A4E78A3D}"
EndProject
Project("{2150E333-8FDC-42A3-9474-1A3956D46DE8}") = "Unity", "Unity", "{936EE4C0-F089-D1E9-6230-2841C7860BF5}"
EndProject
Project("{FAE04EC0-301F-11D3-BF4B-00C04F79EFBC}") = "UnitySample", "samples\Unity\UnitySample.csproj", "{EF84E8DB-3C51-4688-8A40-9EB0163241D8}"
EndProject
Project("{2150E333-8FDC-42A3-9474-1A3956D46DE8}") = "benchmarks", "benchmarks", "{66320409-64EC-F7C5-3DEF-65E7510DAAD1}"
EndProject
Project("{FAE04EC0-301F-11D3-BF4B-00C04F79EFBC}") = "AssetBall.Benchmarks", "benchmarks\AssetBall.Benchmarks\AssetBall.Benchmarks.csproj", "{624FA057-0CF1-48C6-BDF4-C0292079CF46}"
EndProject
Global
	GlobalSection(SolutionConfigurationPlatforms) = preSolution
		Debug|Any CPU = Debug|Any CPU
		Debug|x64 = Debug|x64
		Debug|x86 = Debug|x86
		Release|Any CPU = Release|Any CPU
		Release|x64 = Release|x64
		Release|x86 = Release|x86
	EndGlobalSection
	GlobalSection(ProjectConfigurationPlatforms) = postSolution
		{9ED55107-C84C-4EC7-88EF-A5DFAED75C0A}.Debug|Any CPU.ActiveCfg = Debug|Any CPU
		{9ED55107-C84C-4EC7-88EF-A5DFAED75C0A}.Debug|Any CPU.Build.0 = Debug|Any CPU
		{9ED55107-C84C-4EC7-88EF-A5DFAED75C0A}.Debug|x64.ActiveCfg = Debug|Any CPU
		{9ED55107-C84C-4EC7-88EF-A5DFAED75C0A}.Debug|x64.Build.0 = Debug|Any CPU
		{9ED55107-C84C-4EC7-88EF-A5DFAED75C0A}.Debug|x86.ActiveCfg = Debug|Any CPU
		{9ED55107-C84C-4EC7-88EF-A5DFAED75C0A}.Debug|x86.Build.0 = Debug|Any CPU
		{9ED55107-C84C-4EC7-88EF-A5DFAED75C0A}.Release|Any CPU.ActiveCfg = Release|Any CPU
		{9ED55107-C84C-4EC7-88EF-A5DFAED75C0A}.Release|Any CPU.Build.0 = Release|Any CPU
		{9ED55107-C84C-4EC7-88EF-A5DFAED75C0A}.Release|x64.ActiveCfg = Release|Any CPU
		{9ED55107-C84C-4EC7-88EF-A5DFAED75C0A}.Release|x64.Build.0 = Release|Any CPU
		{9ED55107-C84C-4EC7-88EF-A5DFAED75C0A}.Release|x86.ActiveCfg = Release|Any CPU
		{9ED55107-C84C-4EC7-88EF-A5DFAED75C0A}.Release|x86.Build.0 = Release|Any CPU
		{B8A519DD-98FB-4BD5-9C21-8AD279D8B613}.Debug|Any CPU.ActiveCfg = Debug|Any CPU
		{B8A519DD-98FB-4BD5-9C21-8AD279D8B613}.Debug|Any CPU.Build.0 = Debug|Any CPU
		{B8A519DD-98FB-4BD5-9C21-8AD279D8B613}.Debug|x64.ActiveCfg = Debug|Any CPU
		{B8A519DD-98FB-4BD5-9C21-8AD279D8B613}.Debug|x64.Build.0 = Debug|Any CPU
		{B8A519DD-98FB-4BD5-9C21-8AD279D8B613}.Debug|x86.ActiveCfg = Debug|Any CPU
		{B8A519DD-98FB-4BD5-9C21-8AD279D8B613}.Debug|x86.Build.0 = Debug|Any CPU
		{B8A519DD-98FB-4BD5-9C21-8AD279D8B613}.Release|Any CPU.ActiveCfg = Release|Any CPU
		{B8A519DD-98FB-4BD5-9C21-8AD279D8B613}.Release|Any CPU.Build.0 = Release|Any CPU
		{B8A519DD-98FB-4BD5-9C21-8AD279D8B613}.Release|x64.ActiveCfg = Release|Any CPU
		{B8A519DD-98FB-4BD5-9C21-8AD279D8B613}.Release|x64.Build.0 = Release|Any CPU
		{B8A519DD-98FB-4BD5-9C21-8AD279D8B613}.Release|x86.ActiveCfg = Release|Any CPU
		{B8A519DD-98FB-4BD5-9C21-8AD279D8B613}.Release|x86.Build.0 = Release|Any CPU
		{1AE17660-F921-47B7-B842-C7CE5DD8B436}.Debug|Any CPU.ActiveCfg = Debug|Any CPU
		{1AE17660-F921-47B7-B842-C7CE5DD8B436}.Debug|Any CPU.Build.0 = Debug|Any CPU
		{1AE17660-F921-47B7-B842-C7CE5DD8B436}.Debug|x64.ActiveCfg = Debug|Any CPU
		{1AE17660-F921-47B7-B842-C7CE5DD8B436}.Debug|x64.Build.0 = Debug|Any CPU
		{1AE17660-F921-47B7-B842-C7CE5DD8B436}.Debug|x86.ActiveCfg = Debug|Any CPU
		{1AE17660-F921-47B7-B842-C7CE5DD8B436}.Debug|x86.Build.0 = Debug|Any CPU
		{1AE17660-F921-47B7-B842-C7CE5DD8B436}.Release|Any CPU.ActiveCfg = Release|Any CPU
		{1AE17660-F921-47B7-B842-C7CE5DD8B436}.Release|Any CPU.Build.0 = Release|Any CPU
		{1AE17660-F921-47B7-B842-C7CE5DD8B436}.Release|x64.ActiveCfg = Release|Any CPU
		{1AE17660-F921-47B7-B842-C7CE5DD8B436}.Release|x64.Build.0 = Release|Any CPU
		{1AE17660-F921-47B7-B842-C7CE5DD8B436}.Release|x86.ActiveCfg = Release|Any CPU
		{1AE17660-F921-47B7-B842-C7CE5DD8B436}.Release|x86.Build.0 = Release|Any CPU
		{B78F7025-2DBC-4D76-93A7-00E151C76634}.Debug|Any CPU.ActiveCfg = Debug|Any CPU
		{B78F7025-2DBC-4D76-93A7-00E151C76634}.Debug|Any CPU.Build.0 = Debug|Any CPU
		{B78F7025-2DBC-4D76-93A7-00E151C76634}.Debug|x64.ActiveCfg = Debug|Any CPU
		{B78F7025-2DBC-4D76-93A7-00E151C76634}.Debug|x64.Build.0 = Debug|Any CPU
		{B78F7025-2DBC-4D76-93A7-00E151C76634}.Debug|x86.ActiveCfg = Debug|Any CPU
		{B78F7025-2DBC-4D76-93A7-00E151C76634}.Debug|x86.Build.0 = Debug|Any CPU
		{B78F7025-2DBC-4D76-93A7-00E151C76634}.Release|Any CPU.ActiveCfg = Release|Any CPU
		{B78F7025-2DBC-4D76-93A7-00E151C76634}.Release|Any CPU.Build.0 = Release|Any CPU
		{B78F7025-2DBC-4D76-93A7-00E151C76634}.Release|x64.ActiveCfg = Release|Any CPU
		{B78F7025-2DBC-4D76-93A7-00E151C76634}.Release|x64.Build.0 = Release|Any CPU
		{B78F7025-2DBC-4D76-93A7-00E151C76634}.Release|x86.ActiveCfg = Release|Any CPU
		{B78F7025-2DBC-4D76-93A7-00E151C76634}.Release|x86.Build.0 = Release|Any CPU
		{B800FE7C-3C8B-4420-92E0-02D48391A5BB}.Debug|Any CPU.ActiveCfg = Debug|Any CPU
		{B800FE7C-3C8B-4420-92E0-02D48391A5BB}.Debug|Any CPU.Build.0 = Debug|Any CPU
		{B800FE7C-3C8B-4420-92E0-02D48391A5BB}.Debug|x64.ActiveCfg = Debug|Any CPU
		{B800FE7C-3C8B-4420-92E0-02D48391A5BB}.Debug|x64.Build.0 = Debug|Any CPU
		{B800FE7C-3C8B-4420-92E0-02D48391A5BB}.Debug|x86.ActiveCfg = Debug|Any CPU
		{B800FE7C-3C8B-4420-92E0-02D48391A5BB}.Debug|x86.Build.0 = Debug|Any CPU
		{B800FE7C-3C8B-4420-92E0-02D48391A5BB}.Release|Any CPU.ActiveCfg = Release|Any CPU
		{B800FE7C-3C8B-4420-92E0-02D48391A5BB}.Release|Any CPU.Build.0 = Release|Any CPU
		{B800FE7C-3C8B-4420-92E0-02D48391A5BB}.Release|x64.ActiveCfg = Release|Any CPU
		{B800FE7C-3C8B-4420-92E0-02D48391A5BB}.Release|x64.Build.0 = Release|Any CPU
		{B800FE7C-3C8B-4420-92E0-02D48391A5BB}.Release|x86.ActiveCfg = Release|Any CPU
		{B800FE7C-3C8B-4420-92E0-02D48391A5BB}.Release|x86.Build.0 = Release|Any CPU
		{7C7ABDA4-2900-47CD-B921-69C2A4E78A3D}.Debug|Any CPU.ActiveCfg = Debug|Any CPU
		{7C7ABDA4-2900-47CD-B921-69C2A4E78A3D}.Debug|Any CPU.Build.0 = Debug|Any CPU
		{7C7ABDA4-2900-47CD-B921-69C2A4E78A3D}.Debug|x64.ActiveCfg = Debug|Any CPU
		{7C7ABDA4-2900-47CD-B921-69C2A4E78A3D}.Debug|x64.Build.0 = Debug|Any CPU
		{7C7ABDA4-2900-47CD-B921-69C2A4E78A3D}.Debug|x86.ActiveCfg = Debug|Any CPU
		{7C7ABDA4-2900-47CD-B921-69C2A4E78A3D}.Debug|x86.Build.0 = Debug|Any CPU
		{7C7ABDA4-2900-47CD-B921-69C2A4E78A3D}.Release|Any CPU.ActiveCfg = Release|Any CPU
		{7C7ABDA4-2900-47CD-B921-69C2A4E78A3D}.Release|Any CPU.Build.0 = Release|Any CPU
		{7C7ABDA4-2900-47CD-B921-69C2A4E78A3D}.Release|x64.ActiveCfg = Release|Any CPU
		{7C7ABDA4-2900-47CD-B921-69C2A4E78A3D}.Release|x64.Build.0 = Release|Any CPU
		{7C7ABDA4-2900-47CD-B921-69C2A4E78A3D}.Release|x86.ActiveCfg = Release|Any CPU
		{7C7ABDA4-2900-47CD-B921-69C2A4E78A3D}.Release|x86.Build.0 = Release|Any CPU
		{EF84E8DB-3C51-4688-8A40-9EB0163241D8}.Debug|Any CPU.ActiveCfg = Debug|Any CPU
		{EF84E8DB-3C51-4688-8A40-9EB0163241D8}.Debug|Any CPU.Build.0 = Debug|Any CPU
		{EF84E8DB-3C51-4688-8A40-9EB0163241D8}.Debug|x64.ActiveCfg = Debug|Any CPU
		{EF84E8DB-3C51-4688-8A40-9EB0163241D8}.Debug|x64.Build.0 = Debug|Any CPU
		{EF84E8DB-3C51-4688-8A40-9EB0163241D8}.Debug|x86.ActiveCfg = Debug|Any CPU
		{EF84E8DB-3C51-4688-8A40-9EB0163241D8}.Debug|x86.Build.0 = Debug|Any CPU
		{EF84E8DB-3C51-4688-8A40-9EB0163241D8}.Release|Any CPU.ActiveCfg = Release|Any CPU
		{EF84E8DB-3C51-4688-8A40-9EB0163241D8}.Release|Any CPU.Build.0 = Release|Any CPU
		{EF84E8DB-3C51-4688-8A40-9EB0163241D8}.Release|x64.ActiveCfg = Release|Any CPU
		{EF84E8DB-3C51-4688-8A40-9EB0163241D8}.Release|x64.Build.0 = Release|Any CPU
		{EF84E8DB-3C51-4688-8A40-9EB0163241D8}.Release|x86.ActiveCfg = Release|Any CPU
		{EF84E8DB-3C51-4688-8A40-9EB0163241D8}.Release|x86.Build.0 = Release|Any CPU
		{624FA057-0CF1-48C6-BDF4-C0292079CF46}.Debug|Any CPU.ActiveCfg = Debug|Any CPU
		{624FA057-0CF1-48C6-BDF4-C0292079CF46}.Debug|Any CPU.Build.0 = Debug|Any CPU
		{624FA057-0CF1-48C6-BDF4-C0292079CF46}.Debug|x64.ActiveCfg = Debug|Any CPU
		{624FA057-0CF1-48C6-BDF4-C0292079CF46}.Debug|x64.Build.0 = Debug|Any CPU
		{624FA057-0CF1-48C6-BDF4-C0292079CF46}.Debug|x86.ActiveCfg = Debug|Any CPU
		{624FA057-0CF1-48C6-BDF4-C0292079CF46}.Debug|x86.Build.0 = Debug|Any CPU
		{624FA057-0CF1-48C6-BDF4-C0292079CF46}.Release|Any CPU.ActiveCfg = Release|Any CPU
		{624FA057-0CF1-48C6-BDF4-C0292079CF46}.Release|Any CPU.Build.0 = Release|Any CPU
		{624FA057-0CF1-48C6-BDF4-C0292079CF46}.Release|x64.ActiveCfg = Release|Any CPU
		{624FA057-0CF1-48C6-BDF4-C0292079CF46}.Release|x64.Build.0 = Release|Any CPU
		{624FA057-0CF1-48C6-BDF4-C0292079CF46}.Release|x86.ActiveCfg = Release|Any CPU
		{624FA057-0CF1-48C6-BDF4-C0292079CF46}.Release|x86.Build.0 = Release|Any CPU
	EndGlobalSection
	GlobalSection(SolutionProperties) = preSolution
		HideSolutionNode = FALSE
	EndGlobalSection
	GlobalSection(NestedProjects) = preSolution
		{9ED55107-C84C-4EC7-88EF-A5DFAED75C0A} = {827E0CD3-B72D-47B6-A68D-7590B98EB39B}
		{B8A519DD-98FB-4BD5-9C21-8AD279D8B613} = {827E0CD3-B72D-47B6-A68D-7590B98EB39B}
		{1AE17660-F921-47B7-B842-C7CE5DD8B436} = {827E0CD3-B72D-47B6-A68D-7590B98EB39B}
		{B78F7025-2DBC-4D76-93A7-00E151C76634} = {827E0CD3-B72D-47B6-A68D-7590B98EB39B}
		{B800FE7C-3C8B-4420-92E0-02D48391A5BB} = {0AB3BF05-4346-4AA6-1389-037BE0695223}
		{7C7ABDA4-2900-47CD-B921-69C2A4E78A3D} = {5D20AA90-6969-D8BD-9DCD-8634F4692FDA}
		{936EE4C0-F089-D1E9-6230-2841C7860BF5} = {5D20AA90-6969-D8BD-9DCD-8634F4692FDA}
		{EF84E8DB-3C51-4688-8A40-9EB0163241D8} = {936EE4C0-F089-D1E9-6230-2841C7860BF5}
		{624FA057-0CF1-48C6-BDF4-C0292079CF46} = {66320409-64EC-F7C5-3DEF-65E7510DAAD1}
	EndGlobalSection
EndGlobal
